
Microsoft Visual Studio Solution File, Format Version 12.00
# Visual Studio Version 17
VisualStudioVersion = 17.7.34009.444
MinimumVisualStudioVersion = 10.0.40219.1
Project("{FAE04EC0-301F-11D3-BF4B-00C04F79EFBC}") = "Quan Ly Hoc Sinh THPT", "Quan Ly Hoc Sinh THPT\Quan Ly Hoc Sinh THPT.csproj", "{3DC01932-738B-4B8A-810B-9F5BB27A55C5}"
EndProject
Global
	GlobalSection(SolutionConfigurationPlatforms) = preSolution
		Debug|Any CPU = Debug|Any CPU
		Release|Any CPU = Release|Any CPU
	EndGlobalSection
	GlobalSection(ProjectConfigurationPlatforms) = postSolution
		{3DC01932-738B-4B8A-810B-9F5BB27A55C5}.Debug|Any CPU.ActiveCfg = Debug|Any CPU
		{3DC01932-738B-4B8A-810B-9F5BB27A55C5}.Debug|Any CPU.Build.0 = Debug|Any CPU
		{3DC01932-738B-4B8A-810B-9F5BB27A55C5}.Release|Any CPU.ActiveCfg = Release|Any CPU
		{3DC01932-738B-4B8A-810B-9F5BB27A55C5}.Release|Any CPU.Build.0 = Release|Any CPU
	EndGlobalSection
	GlobalSection(SolutionProperties) = preSolution
		HideSolutionNode = FALSE
	EndGlobalSection
	GlobalSection(ExtensibilityGlobals) = postSolution
		SolutionGuid = {D06119F9-5171-4E6F-A591-A14558052CB9}
	EndGlobalSection
EndGlobal
